
Microsoft Visual Studio Solution File, Format Version 12.00
# Visual Studio Version 16
VisualStudioVersion = 16.0.31005.135
MinimumVisualStudioVersion = 10.0.40219.1
Project("{9A19103F-16F7-4668-BE54-9A1E7A4F7556}") = "Resolução Lista 1 Projetos Integrados", "Resolução Lista 1 Projetos Integrados\Resolução Lista 1 Projetos Integrados.csproj", "{18B9D480-8732-4AF0-A50D-0319A9D1B204}"
EndProject
Project("{9A19103F-16F7-4668-BE54-9A1E7A4F7556}") = "Exercicio02", "Exercicio02\Exercicio02.csproj", "{AFD3D9C5-8B47-412D-A1EA-FEDF118943AA}"
EndProject
Project("{9A19103F-16F7-4668-BE54-9A1E7A4F7556}") = "Exercicio03", "Exercicio03\Exercicio03.csproj", "{98B5FA24-F6C7-4DEA-B12B-E0A7D120C72F}"
EndProject
Project("{FAE04EC0-301F-11D3-BF4B-00C04F79EFBC}") = "Exercicio04", "Exercicio04\Exercicio04.csproj", "{A06EB2C4-2985-4594-A3D5-12FE7C0E1150}"
EndProject
Project("{FAE04EC0-301F-11D3-BF4B-00C04F79EFBC}") = "Exercicio05", "Exercicio05\Exercicio05.csproj", "{8DA6477C-FC78-4E9A-8890-3397F806D881}"
EndProject
Global
	GlobalSection(SolutionConfigurationPlatforms) = preSolution
		Debug|Any CPU = Debug|Any CPU
		Release|Any CPU = Release|Any CPU
	EndGlobalSection
	GlobalSection(ProjectConfigurationPlatforms) = postSolution
		{18B9D480-8732-4AF0-A50D-0319A9D1B204}.Debug|Any CPU.ActiveCfg = Debug|Any CPU
		{18B9D480-8732-4AF0-A50D-0319A9D1B204}.Debug|Any CPU.Build.0 = Debug|Any CPU
		{18B9D480-8732-4AF0-A50D-0319A9D1B204}.Release|Any CPU.ActiveCfg = Release|Any CPU
		{18B9D480-8732-4AF0-A50D-0319A9D1B204}.Release|Any CPU.Build.0 = Release|Any CPU
		{AFD3D9C5-8B47-412D-A1EA-FEDF118943AA}.Debug|Any CPU.ActiveCfg = Debug|Any CPU
		{AFD3D9C5-8B47-412D-A1EA-FEDF118943AA}.Debug|Any CPU.Build.0 = Debug|Any CPU
		{AFD3D9C5-8B47-412D-A1EA-FEDF118943AA}.Release|Any CPU.ActiveCfg = Release|Any CPU
		{AFD3D9C5-8B47-412D-A1EA-FEDF118943AA}.Release|Any CPU.Build.0 = Release|Any CPU
		{98B5FA24-F6C7-4DEA-B12B-E0A7D120C72F}.Debug|Any CPU.ActiveCfg = Debug|Any CPU
		{98B5FA24-F6C7-4DEA-B12B-E0A7D120C72F}.Debug|Any CPU.Build.0 = Debug|Any CPU
		{98B5FA24-F6C7-4DEA-B12B-E0A7D120C72F}.Release|Any CPU.ActiveCfg = Release|Any CPU
		{98B5FA24-F6C7-4DEA-B12B-E0A7D120C72F}.Release|Any CPU.Build.0 = Release|Any CPU
		{A06EB2C4-2985-4594-A3D5-12FE7C0E1150}.Debug|Any CPU.ActiveCfg = Debug|Any CPU
		{A06EB2C4-2985-4594-A3D5-12FE7C0E1150}.Debug|Any CPU.Build.0 = Debug|Any CPU
		{A06EB2C4-2985-4594-A3D5-12FE7C0E1150}.Release|Any CPU.ActiveCfg = Release|Any CPU
		{A06EB2C4-2985-4594-A3D5-12FE7C0E1150}.Release|Any CPU.Build.0 = Release|Any CPU
		{8DA6477C-FC78-4E9A-8890-3397F806D881}.Debug|Any CPU.ActiveCfg = Debug|Any CPU
		{8DA6477C-FC78-4E9A-8890-3397F806D881}.Debug|Any CPU.Build.0 = Debug|Any CPU
		{8DA6477C-FC78-4E9A-8890-3397F806D881}.Release|Any CPU.ActiveCfg = Release|Any CPU
		{8DA6477C-FC78-4E9A-8890-3397F806D881}.Release|Any CPU.Build.0 = Release|Any CPU
	EndGlobalSection
	GlobalSection(SolutionProperties) = preSolution
		HideSolutionNode = FALSE
	EndGlobalSection
	GlobalSection(ExtensibilityGlobals) = postSolution
		SolutionGuid = {A7C9E3C4-B7DC-4ADE-9F56-AB8281441038}
	EndGlobalSection
EndGlobal
